
Microsoft Visual Studio Solution File, Format Version 12.00
# Visual Studio 15
VisualStudioVersion = 15.0.27428.2043
MinimumVisualStudioVersion = 10.0.40219.1
Project("{FAE04EC0-301F-11D3-BF4B-00C04F79EFBC}") = "Tui.Refactored", "Tui.Refactored\Tui.Refactored.csproj", "{1FD6CB09-94EE-49DB-BFE5-754A4E0D3267}"
EndProject
Project("{FAE04EC0-301F-11D3-BF4B-00C04F79EFBC}") = "Tui.Smelly", "Tui.Smelly\Tui.Smelly.csproj", "{07D65FC6-FFE7-4316-943E-95233E22991D}"
EndProject
Global
	GlobalSection(SolutionConfigurationPlatforms) = preSolution
		Debug|Any CPU = Debug|Any CPU
		Release|Any CPU = Release|Any CPU
	EndGlobalSection
	GlobalSection(ProjectConfigurationPlatforms) = postSolution
		{1FD6CB09-94EE-49DB-BFE5-754A4E0D3267}.Debug|Any CPU.ActiveCfg = Debug|Any CPU
		{1FD6CB09-94EE-49DB-BFE5-754A4E0D3267}.Debug|Any CPU.Build.0 = Debug|Any CPU
		{1FD6CB09-94EE-49DB-BFE5-754A4E0D3267}.Release|Any CPU.ActiveCfg = Release|Any CPU
		{1FD6CB09-94EE-49DB-BFE5-754A4E0D3267}.Release|Any CPU.Build.0 = Release|Any CPU
		{07D65FC6-FFE7-4316-943E-95233E22991D}.Debug|Any CPU.ActiveCfg = Debug|Any CPU
		{07D65FC6-FFE7-4316-943E-95233E22991D}.Debug|Any CPU.Build.0 = Debug|Any CPU
		{07D65FC6-FFE7-4316-943E-95233E22991D}.Release|Any CPU.ActiveCfg = Release|Any CPU
		{07D65FC6-FFE7-4316-943E-95233E22991D}.Release|Any CPU.Build.0 = Release|Any CPU
	EndGlobalSection
	GlobalSection(SolutionProperties) = preSolution
		HideSolutionNode = FALSE
	EndGlobalSection
	GlobalSection(ExtensibilityGlobals) = postSolution
		SolutionGuid = {D6108F62-D35F-446F-8A08-CBD9E3A66F7C}
	EndGlobalSection
EndGlobal
