
Microsoft Visual Studio Solution File, Format Version 12.00
# Visual Studio 15
VisualStudioVersion = 15.0.27428.2043
MinimumVisualStudioVersion = 10.0.40219.1
Project("{FAE04EC0-301F-11D3-BF4B-00C04F79EFBC}") = "TUI.Sandbox", "TUI.Sandbox\TUI.Sandbox.csproj", "{282BA2B1-12C6-4609-83CE-830D157B38AD}"
EndProject
Project("{FAE04EC0-301F-11D3-BF4B-00C04F79EFBC}") = "TUI.Places", "TUI.Places\TUI.Places.csproj", "{D86DB577-3604-4072-8A8D-C3E1B6A546EC}"
EndProject
Project("{FAE04EC0-301F-11D3-BF4B-00C04F79EFBC}") = "TUI.Transportations", "TUI.Transportations\TUI.Transportations.csproj", "{1B7F6C32-DDA1-4FCD-A671-583484BC8012}"
EndProject
Project("{2150E333-8FDC-42A3-9474-1A3956D46DE8}") = "Model", "Model", "{A4A11B42-1607-4881-A5F6-906A4F05F3DD}"
EndProject
Project("{FAE04EC0-301F-11D3-BF4B-00C04F79EFBC}") = "TUI.Transportations.Air", "TUI.Transportations.Air\TUI.Transportations.Air.csproj", "{E90F39E7-C0F6-4C32-A230-EBDC3D057C5C}"
EndProject
Project("{FAE04EC0-301F-11D3-BF4B-00C04F79EFBC}") = "TUI.Data.Access", "TUI.Data.Access\TUI.Data.Access.csproj", "{4FCEE010-1484-400F-8EED-AFC08FC669EC}"
EndProject
Project("{FAE04EC0-301F-11D3-BF4B-00C04F79EFBC}") = "TUI.Data.Access.Test", "TUI.Data.Access.Test\TUI.Data.Access.Test.csproj", "{419C7BBB-1E0A-408A-9FB9-9E11A622694D}"
EndProject
Project("{FAE04EC0-301F-11D3-BF4B-00C04F79EFBC}") = "TUI.Places.Air", "TUI.Places.Air\TUI.Places.Air.csproj", "{D2A8B781-9339-436D-8295-80046A10262C}"
EndProject
Project("{FAE04EC0-301F-11D3-BF4B-00C04F79EFBC}") = "TUI.Gasoline", "TUI.Gasoline\TUI.Gasoline.csproj", "{27162197-8457-49B6-AE21-DC96AE4643A8}"
EndProject
Project("{FAE04EC0-301F-11D3-BF4B-00C04F79EFBC}") = "TUI.Consumption.Calculator", "TUI.Gasoline.Calculator\TUI.Consumption.Calculator.csproj", "{9CD15B5B-B8A8-42AE-B090-453A8C2C1685}"
EndProject
Project("{FAE04EC0-301F-11D3-BF4B-00C04F79EFBC}") = "TUI.Consumption.Calculator.Test", "TUI.Gasoline.Calculator.Test\TUI.Consumption.Calculator.Test.csproj", "{D6CC25FF-5CC2-48DD-BC80-5CDF7B3FFDBE}"
EndProject
Project("{2150E333-8FDC-42A3-9474-1A3956D46DE8}") = "Business", "Business", "{4258BABF-AED5-4E47-872D-3E89C55E40DB}"
EndProject
Project("{2150E333-8FDC-42A3-9474-1A3956D46DE8}") = "DAL", "DAL", "{60C4FF0C-DC8C-48EB-BF0D-5142339E3F9B}"
EndProject
Project("{FAE04EC0-301F-11D3-BF4B-00C04F79EFBC}") = "TUI.TimeZone", "TUI.TimeZone\TUI.TimeZone.csproj", "{B46C2EF2-E9CF-4703-B88A-60622EF61F25}"
EndProject
Project("{FAE04EC0-301F-11D3-BF4B-00C04F79EFBC}") = "TUI.TimeZone.Test", "TUI.TimeZone.Test\TUI.TimeZone.Test.csproj", "{8C0C2158-DE94-4E13-8590-DD8185B7D4B6}"
EndProject
Project("{FAE04EC0-301F-11D3-BF4B-00C04F79EFBC}") = "TUI.Sandbox.Test", "TUI.Sandbox.Test\TUI.Sandbox.Test.csproj", "{6B1F81C8-AFCE-4ED3-81FF-04ADAD925751}"
EndProject
Project("{FAE04EC0-301F-11D3-BF4B-00C04F79EFBC}") = "TUI.Model.Shared", "TUI.Model.Shared\TUI.Model.Shared.csproj", "{FCEAAB1E-1596-433F-B51F-2C029418D119}"
EndProject
Project("{FAE04EC0-301F-11D3-BF4B-00C04F79EFBC}") = "TUI.Distance.Calculator", "TUI.Distance.Calculator\TUI.Distance.Calculator.csproj", "{1A7BFE15-C4AB-4D43-A960-93610D67D8E3}"
EndProject
Project("{FAE04EC0-301F-11D3-BF4B-00C04F79EFBC}") = "TUI.Distance.Calculator.Test", "TUI.Distance.Calculator.Test\TUI.Distance.Calculator.Test.csproj", "{BADB464E-3DD9-4B52-AAFE-7A850D3A2866}"
EndProject
Project("{FAE04EC0-301F-11D3-BF4B-00C04F79EFBC}") = "TUI.Transportations.Air.Test", "TUI.Transportations.Air.Test\TUI.Transportations.Air.Test.csproj", "{BB235499-0AA3-4796-BCB4-580CAC1E42E5}"
EndProject
Project("{FAE04EC0-301F-11D3-BF4B-00C04F79EFBC}") = "TUI.Login", "TUI.Login\TUI.Login.csproj", "{8F41020A-E4A2-459D-B3BA-049D707A0C4C}"
EndProject
Project("{FAE04EC0-301F-11D3-BF4B-00C04F79EFBC}") = "TUI.Ado.Entity", "TUI.Ado.Entity\TUI.Ado.Entity.csproj", "{7E349D19-0617-4194-9CF4-1227A49E47D8}"
EndProject
Project("{FAE04EC0-301F-11D3-BF4B-00C04F79EFBC}") = "TUI.Report", "TUI.Report\TUI.Report.csproj", "{51EFD345-1DC4-42E4-8946-53C95CFB5546}"
EndProject
Global
	GlobalSection(SolutionConfigurationPlatforms) = preSolution
		Debug|Any CPU = Debug|Any CPU
		Release|Any CPU = Release|Any CPU
	EndGlobalSection
	GlobalSection(ProjectConfigurationPlatforms) = postSolution
		{282BA2B1-12C6-4609-83CE-830D157B38AD}.Debug|Any CPU.ActiveCfg = Debug|Any CPU
		{282BA2B1-12C6-4609-83CE-830D157B38AD}.Debug|Any CPU.Build.0 = Debug|Any CPU
		{282BA2B1-12C6-4609-83CE-830D157B38AD}.Release|Any CPU.ActiveCfg = Release|Any CPU
		{282BA2B1-12C6-4609-83CE-830D157B38AD}.Release|Any CPU.Build.0 = Release|Any CPU
		{D86DB577-3604-4072-8A8D-C3E1B6A546EC}.Debug|Any CPU.ActiveCfg = Debug|Any CPU
		{D86DB577-3604-4072-8A8D-C3E1B6A546EC}.Debug|Any CPU.Build.0 = Debug|Any CPU
		{D86DB577-3604-4072-8A8D-C3E1B6A546EC}.Release|Any CPU.ActiveCfg = Release|Any CPU
		{D86DB577-3604-4072-8A8D-C3E1B6A546EC}.Release|Any CPU.Build.0 = Release|Any CPU
		{1B7F6C32-DDA1-4FCD-A671-583484BC8012}.Debug|Any CPU.ActiveCfg = Debug|Any CPU
		{1B7F6C32-DDA1-4FCD-A671-583484BC8012}.Debug|Any CPU.Build.0 = Debug|Any CPU
		{1B7F6C32-DDA1-4FCD-A671-583484BC8012}.Release|Any CPU.ActiveCfg = Release|Any CPU
		{1B7F6C32-DDA1-4FCD-A671-583484BC8012}.Release|Any CPU.Build.0 = Release|Any CPU
		{E90F39E7-C0F6-4C32-A230-EBDC3D057C5C}.Debug|Any CPU.ActiveCfg = Debug|Any CPU
		{E90F39E7-C0F6-4C32-A230-EBDC3D057C5C}.Debug|Any CPU.Build.0 = Debug|Any CPU
		{E90F39E7-C0F6-4C32-A230-EBDC3D057C5C}.Release|Any CPU.ActiveCfg = Release|Any CPU
		{E90F39E7-C0F6-4C32-A230-EBDC3D057C5C}.Release|Any CPU.Build.0 = Release|Any CPU
		{4FCEE010-1484-400F-8EED-AFC08FC669EC}.Debug|Any CPU.ActiveCfg = Debug|Any CPU
		{4FCEE010-1484-400F-8EED-AFC08FC669EC}.Debug|Any CPU.Build.0 = Debug|Any CPU
		{4FCEE010-1484-400F-8EED-AFC08FC669EC}.Release|Any CPU.ActiveCfg = Release|Any CPU
		{4FCEE010-1484-400F-8EED-AFC08FC669EC}.Release|Any CPU.Build.0 = Release|Any CPU
		{419C7BBB-1E0A-408A-9FB9-9E11A622694D}.Debug|Any CPU.ActiveCfg = Debug|Any CPU
		{419C7BBB-1E0A-408A-9FB9-9E11A622694D}.Debug|Any CPU.Build.0 = Debug|Any CPU
		{419C7BBB-1E0A-408A-9FB9-9E11A622694D}.Release|Any CPU.ActiveCfg = Release|Any CPU
		{419C7BBB-1E0A-408A-9FB9-9E11A622694D}.Release|Any CPU.Build.0 = Release|Any CPU
		{D2A8B781-9339-436D-8295-80046A10262C}.Debug|Any CPU.ActiveCfg = Debug|Any CPU
		{D2A8B781-9339-436D-8295-80046A10262C}.Debug|Any CPU.Build.0 = Debug|Any CPU
		{D2A8B781-9339-436D-8295-80046A10262C}.Release|Any CPU.ActiveCfg = Release|Any CPU
		{D2A8B781-9339-436D-8295-80046A10262C}.Release|Any CPU.Build.0 = Release|Any CPU
		{27162197-8457-49B6-AE21-DC96AE4643A8}.Debug|Any CPU.ActiveCfg = Debug|Any CPU
		{27162197-8457-49B6-AE21-DC96AE4643A8}.Debug|Any CPU.Build.0 = Debug|Any CPU
		{27162197-8457-49B6-AE21-DC96AE4643A8}.Release|Any CPU.ActiveCfg = Release|Any CPU
		{27162197-8457-49B6-AE21-DC96AE4643A8}.Release|Any CPU.Build.0 = Release|Any CPU
		{9CD15B5B-B8A8-42AE-B090-453A8C2C1685}.Debug|Any CPU.ActiveCfg = Debug|Any CPU
		{9CD15B5B-B8A8-42AE-B090-453A8C2C1685}.Debug|Any CPU.Build.0 = Debug|Any CPU
		{9CD15B5B-B8A8-42AE-B090-453A8C2C1685}.Release|Any CPU.ActiveCfg = Release|Any CPU
		{9CD15B5B-B8A8-42AE-B090-453A8C2C1685}.Release|Any CPU.Build.0 = Release|Any CPU
		{D6CC25FF-5CC2-48DD-BC80-5CDF7B3FFDBE}.Debug|Any CPU.ActiveCfg = Debug|Any CPU
		{D6CC25FF-5CC2-48DD-BC80-5CDF7B3FFDBE}.Debug|Any CPU.Build.0 = Debug|Any CPU
		{D6CC25FF-5CC2-48DD-BC80-5CDF7B3FFDBE}.Release|Any CPU.ActiveCfg = Release|Any CPU
		{D6CC25FF-5CC2-48DD-BC80-5CDF7B3FFDBE}.Release|Any CPU.Build.0 = Release|Any CPU
		{B46C2EF2-E9CF-4703-B88A-60622EF61F25}.Debug|Any CPU.ActiveCfg = Debug|Any CPU
		{B46C2EF2-E9CF-4703-B88A-60622EF61F25}.Debug|Any CPU.Build.0 = Debug|Any CPU
		{B46C2EF2-E9CF-4703-B88A-60622EF61F25}.Release|Any CPU.ActiveCfg = Release|Any CPU
		{B46C2EF2-E9CF-4703-B88A-60622EF61F25}.Release|Any CPU.Build.0 = Release|Any CPU
		{8C0C2158-DE94-4E13-8590-DD8185B7D4B6}.Debug|Any CPU.ActiveCfg = Debug|Any CPU
		{8C0C2158-DE94-4E13-8590-DD8185B7D4B6}.Debug|Any CPU.Build.0 = Debug|Any CPU
		{8C0C2158-DE94-4E13-8590-DD8185B7D4B6}.Release|Any CPU.ActiveCfg = Release|Any CPU
		{8C0C2158-DE94-4E13-8590-DD8185B7D4B6}.Release|Any CPU.Build.0 = Release|Any CPU
		{6B1F81C8-AFCE-4ED3-81FF-04ADAD925751}.Debug|Any CPU.ActiveCfg = Debug|Any CPU
		{6B1F81C8-AFCE-4ED3-81FF-04ADAD925751}.Debug|Any CPU.Build.0 = Debug|Any CPU
		{6B1F81C8-AFCE-4ED3-81FF-04ADAD925751}.Release|Any CPU.ActiveCfg = Release|Any CPU
		{6B1F81C8-AFCE-4ED3-81FF-04ADAD925751}.Release|Any CPU.Build.0 = Release|Any CPU
		{FCEAAB1E-1596-433F-B51F-2C029418D119}.Debug|Any CPU.ActiveCfg = Debug|Any CPU
		{FCEAAB1E-1596-433F-B51F-2C029418D119}.Debug|Any CPU.Build.0 = Debug|Any CPU
		{FCEAAB1E-1596-433F-B51F-2C029418D119}.Release|Any CPU.ActiveCfg = Release|Any CPU
		{FCEAAB1E-1596-433F-B51F-2C029418D119}.Release|Any CPU.Build.0 = Release|Any CPU
		{1A7BFE15-C4AB-4D43-A960-93610D67D8E3}.Debug|Any CPU.ActiveCfg = Debug|Any CPU
		{1A7BFE15-C4AB-4D43-A960-93610D67D8E3}.Debug|Any CPU.Build.0 = Debug|Any CPU
		{1A7BFE15-C4AB-4D43-A960-93610D67D8E3}.Release|Any CPU.ActiveCfg = Release|Any CPU
		{1A7BFE15-C4AB-4D43-A960-93610D67D8E3}.Release|Any CPU.Build.0 = Release|Any CPU
		{BADB464E-3DD9-4B52-AAFE-7A850D3A2866}.Debug|Any CPU.ActiveCfg = Debug|Any CPU
		{BADB464E-3DD9-4B52-AAFE-7A850D3A2866}.Debug|Any CPU.Build.0 = Debug|Any CPU
		{BADB464E-3DD9-4B52-AAFE-7A850D3A2866}.Release|Any CPU.ActiveCfg = Release|Any CPU
		{BADB464E-3DD9-4B52-AAFE-7A850D3A2866}.Release|Any CPU.Build.0 = Release|Any CPU
		{BB235499-0AA3-4796-BCB4-580CAC1E42E5}.Debug|Any CPU.ActiveCfg = Debug|Any CPU
		{BB235499-0AA3-4796-BCB4-580CAC1E42E5}.Debug|Any CPU.Build.0 = Debug|Any CPU
		{BB235499-0AA3-4796-BCB4-580CAC1E42E5}.Release|Any CPU.ActiveCfg = Release|Any CPU
		{BB235499-0AA3-4796-BCB4-580CAC1E42E5}.Release|Any CPU.Build.0 = Release|Any CPU
		{8F41020A-E4A2-459D-B3BA-049D707A0C4C}.Debug|Any CPU.ActiveCfg = Debug|Any CPU
		{8F41020A-E4A2-459D-B3BA-049D707A0C4C}.Debug|Any CPU.Build.0 = Debug|Any CPU
		{8F41020A-E4A2-459D-B3BA-049D707A0C4C}.Release|Any CPU.ActiveCfg = Release|Any CPU
		{8F41020A-E4A2-459D-B3BA-049D707A0C4C}.Release|Any CPU.Build.0 = Release|Any CPU
		{7E349D19-0617-4194-9CF4-1227A49E47D8}.Debug|Any CPU.ActiveCfg = Debug|Any CPU
		{7E349D19-0617-4194-9CF4-1227A49E47D8}.Debug|Any CPU.Build.0 = Debug|Any CPU
		{7E349D19-0617-4194-9CF4-1227A49E47D8}.Release|Any CPU.ActiveCfg = Release|Any CPU
		{7E349D19-0617-4194-9CF4-1227A49E47D8}.Release|Any CPU.Build.0 = Release|Any CPU
		{51EFD345-1DC4-42E4-8946-53C95CFB5546}.Debug|Any CPU.ActiveCfg = Debug|Any CPU
		{51EFD345-1DC4-42E4-8946-53C95CFB5546}.Debug|Any CPU.Build.0 = Debug|Any CPU
		{51EFD345-1DC4-42E4-8946-53C95CFB5546}.Release|Any CPU.ActiveCfg = Release|Any CPU
		{51EFD345-1DC4-42E4-8946-53C95CFB5546}.Release|Any CPU.Build.0 = Release|Any CPU
	EndGlobalSection
	GlobalSection(SolutionProperties) = preSolution
		HideSolutionNode = FALSE
	EndGlobalSection
	GlobalSection(NestedProjects) = preSolution
		{D86DB577-3604-4072-8A8D-C3E1B6A546EC} = {A4A11B42-1607-4881-A5F6-906A4F05F3DD}
		{1B7F6C32-DDA1-4FCD-A671-583484BC8012} = {A4A11B42-1607-4881-A5F6-906A4F05F3DD}
		{E90F39E7-C0F6-4C32-A230-EBDC3D057C5C} = {A4A11B42-1607-4881-A5F6-906A4F05F3DD}
		{4FCEE010-1484-400F-8EED-AFC08FC669EC} = {60C4FF0C-DC8C-48EB-BF0D-5142339E3F9B}
		{419C7BBB-1E0A-408A-9FB9-9E11A622694D} = {60C4FF0C-DC8C-48EB-BF0D-5142339E3F9B}
		{D2A8B781-9339-436D-8295-80046A10262C} = {A4A11B42-1607-4881-A5F6-906A4F05F3DD}
		{27162197-8457-49B6-AE21-DC96AE4643A8} = {A4A11B42-1607-4881-A5F6-906A4F05F3DD}
		{9CD15B5B-B8A8-42AE-B090-453A8C2C1685} = {4258BABF-AED5-4E47-872D-3E89C55E40DB}
		{D6CC25FF-5CC2-48DD-BC80-5CDF7B3FFDBE} = {4258BABF-AED5-4E47-872D-3E89C55E40DB}
		{B46C2EF2-E9CF-4703-B88A-60622EF61F25} = {4258BABF-AED5-4E47-872D-3E89C55E40DB}
		{8C0C2158-DE94-4E13-8590-DD8185B7D4B6} = {4258BABF-AED5-4E47-872D-3E89C55E40DB}
		{FCEAAB1E-1596-433F-B51F-2C029418D119} = {A4A11B42-1607-4881-A5F6-906A4F05F3DD}
		{1A7BFE15-C4AB-4D43-A960-93610D67D8E3} = {4258BABF-AED5-4E47-872D-3E89C55E40DB}
		{BADB464E-3DD9-4B52-AAFE-7A850D3A2866} = {4258BABF-AED5-4E47-872D-3E89C55E40DB}
		{BB235499-0AA3-4796-BCB4-580CAC1E42E5} = {A4A11B42-1607-4881-A5F6-906A4F05F3DD}
		{8F41020A-E4A2-459D-B3BA-049D707A0C4C} = {A4A11B42-1607-4881-A5F6-906A4F05F3DD}
		{7E349D19-0617-4194-9CF4-1227A49E47D8} = {60C4FF0C-DC8C-48EB-BF0D-5142339E3F9B}
		{51EFD345-1DC4-42E4-8946-53C95CFB5546} = {A4A11B42-1607-4881-A5F6-906A4F05F3DD}
	EndGlobalSection
	GlobalSection(ExtensibilityGlobals) = postSolution
		SolutionGuid = {61F63553-CDF2-4BB7-AB7F-DC97529047D5}
	EndGlobalSection
EndGlobal
